
Microsoft Visual Studio Solution File, Format Version 12.00
# Visual Studio 2013
VisualStudioVersion = 12.0.31101.0
MinimumVisualStudioVersion = 10.0.40219.1
Project("{FAE04EC0-301F-11D3-BF4B-00C04F79EFBC}") = "HostWebSPRemoteReceiver", "HostWebSPRemoteReceiver\HostWebSPRemoteReceiver.csproj", "{F3A07B38-E620-4730-9BAB-1A185998CAE3}"
EndProject
Project("{FAE04EC0-301F-11D3-BF4B-00C04F79EFBC}") = "HostWebSPRemoteReceiverWeb", "HostWebSPRemoteReceiverWeb\HostWebSPRemoteReceiverWeb.csproj", "{BB705F8E-537D-4118-9D94-AD273D3EC5FC}"
EndProject
Global
	GlobalSection(SolutionConfigurationPlatforms) = preSolution
		Debug|Any CPU = Debug|Any CPU
		Release|Any CPU = Release|Any CPU
	EndGlobalSection
	GlobalSection(ProjectConfigurationPlatforms) = postSolution
		{F3A07B38-E620-4730-9BAB-1A185998CAE3}.Debug|Any CPU.ActiveCfg = Debug|Any CPU
		{F3A07B38-E620-4730-9BAB-1A185998CAE3}.Debug|Any CPU.Build.0 = Debug|Any CPU
		{F3A07B38-E620-4730-9BAB-1A185998CAE3}.Debug|Any CPU.Deploy.0 = Debug|Any CPU
		{F3A07B38-E620-4730-9BAB-1A185998CAE3}.Release|Any CPU.ActiveCfg = Release|Any CPU
		{F3A07B38-E620-4730-9BAB-1A185998CAE3}.Release|Any CPU.Build.0 = Release|Any CPU
		{F3A07B38-E620-4730-9BAB-1A185998CAE3}.Release|Any CPU.Deploy.0 = Release|Any CPU
		{BB705F8E-537D-4118-9D94-AD273D3EC5FC}.Debug|Any CPU.ActiveCfg = Debug|Any CPU
		{BB705F8E-537D-4118-9D94-AD273D3EC5FC}.Debug|Any CPU.Build.0 = Debug|Any CPU
		{BB705F8E-537D-4118-9D94-AD273D3EC5FC}.Release|Any CPU.ActiveCfg = Release|Any CPU
		{BB705F8E-537D-4118-9D94-AD273D3EC5FC}.Release|Any CPU.Build.0 = Release|Any CPU
	EndGlobalSection
	GlobalSection(SolutionProperties) = preSolution
		HideSolutionNode = FALSE
	EndGlobalSection
EndGlobal
